
Microsoft Visual Studio Solution File, Format Version 12.00
# Visual Studio Version 16
VisualStudioVersion = 25.0.1706.0
MinimumVisualStudioVersion = 10.0.40219.1
Project("{FAE04EC0-301F-11D3-BF4B-00C04F79EFBC}") = "Organizador", "Organizador.csproj", "{CC1787BE-7202-42F4-B3BC-8CA4A45FFDAC}"
EndProject
Global
	GlobalSection(SolutionConfigurationPlatforms) = preSolution
		Debug|Any CPU = Debug|Any CPU
		Release|Any CPU = Release|Any CPU
	EndGlobalSection
	GlobalSection(ProjectConfigurationPlatforms) = postSolution
		{CC1787BE-7202-42F4-B3BC-8CA4A45FFDAC}.Debug|Any CPU.ActiveCfg = Debug|Any CPU
		{CC1787BE-7202-42F4-B3BC-8CA4A45FFDAC}.Debug|Any CPU.Build.0 = Debug|Any CPU
		{CC1787BE-7202-42F4-B3BC-8CA4A45FFDAC}.Release|Any CPU.ActiveCfg = Release|Any CPU
		{CC1787BE-7202-42F4-B3BC-8CA4A45FFDAC}.Release|Any CPU.Build.0 = Release|Any CPU
	EndGlobalSection
	GlobalSection(SolutionProperties) = preSolution
		HideSolutionNode = FALSE
	EndGlobalSection
	GlobalSection(ExtensibilityGlobals) = postSolution
		SolutionGuid = {2EE2F00E-DF09-44FB-B2B0-59BEBD7F5CE5}
	EndGlobalSection
EndGlobal
